{
	"name": "terra-draw-openlayers-adapter",
	"version": "1.0.0",
	"lockfileVersion": 3,
	"requires": true,
	"packages": {
		"": {
			"name": "terra-draw-openlayers-adapter",
			"version": "1.0.0",
			"license": "MIT",
			"dependencies": {
				"ol": "10.3.1"
			}
		},
		"node_modules/@petamoriken/float16": {
			"version": "3.9.0",
			"resolved": "https://registry.npmjs.org/@petamoriken/float16/-/float16-3.9.0.tgz",
			"integrity": "sha512-rYUZ+VFjPHD0NT2JYKj64NxXxrV642IiyaUxxorTEj0S3hT7B5Ixezyc9Fn+XvSk0ETEBp5VWjGIErzh0ug0Xw==",
			"license": "MIT"
		},
		"node_modules/@types/rbush": {
			"version": "4.0.0",
			"resolved": "https://registry.npmjs.org/@types/rbush/-/rbush-4.0.0.tgz",
			"integrity": "sha512-+N+2H39P8X+Hy1I5mC6awlTX54k3FhiUmvt7HWzGJZvF+syUAAxP/stwppS8JE84YHqFgRMv6fCy31202CMFxQ==",
			"license": "MIT"
		},
		"node_modules/color-parse": {
			"version": "2.0.2",
			"resolved": "https://registry.npmjs.org/color-parse/-/color-parse-2.0.2.tgz",
			"integrity": "sha512-eCtOz5w5ttWIUcaKLiktF+DxZO1R9KLNY/xhbV6CkhM7sR3GhVghmt6X6yOnzeaM24po+Z9/S1apbXMwA3Iepw==",
			"license": "MIT",
			"dependencies": {
				"color-name": "^2.0.0"
			}
		},
		"node_modules/color-parse/node_modules/color-name": {
			"version": "2.0.0",
			"resolved": "https://registry.npmjs.org/color-name/-/color-name-2.0.0.tgz",
			"integrity": "sha512-SbtvAMWvASO5TE2QP07jHBMXKafgdZz8Vrsrn96fiL+O92/FN/PLARzUW5sKt013fjAprK2d2iCn2hk2Xb5oow==",
			"license": "MIT",
			"engines": {
				"node": ">=12.20"
			}
		},
		"node_modules/color-rgba": {
			"version": "3.0.0",
			"resolved": "https://registry.npmjs.org/color-rgba/-/color-rgba-3.0.0.tgz",
			"integrity": "sha512-PPwZYkEY3M2THEHHV6Y95sGUie77S7X8v+h1r6LSAPF3/LL2xJ8duUXSrkic31Nzc4odPwHgUbiX/XuTYzQHQg==",
			"license": "MIT",
			"dependencies": {
				"color-parse": "^2.0.0",
				"color-space": "^2.0.0"
			}
		},
		"node_modules/color-space": {
			"version": "2.0.1",
			"resolved": "https://registry.npmjs.org/color-space/-/color-space-2.0.1.tgz",
			"integrity": "sha512-nKqUYlo0vZATVOFHY810BSYjmCARrG7e5R3UE3CQlyjJTvv5kSSmPG1kzm/oDyyqjehM+lW1RnEt9It9GNa5JA==",
			"license": "MIT"
		},
		"node_modules/geotiff": {
			"version": "2.1.3",
			"resolved": "https://registry.npmjs.org/geotiff/-/geotiff-2.1.3.tgz",
			"integrity": "sha512-PT6uoF5a1+kbC3tHmZSUsLHBp2QJlHasxxxxPW47QIY1VBKpFB+FcDvX+MxER6UzgLQZ0xDzJ9s48B9JbOCTqA==",
			"license": "MIT",
			"dependencies": {
				"@petamoriken/float16": "^3.4.7",
				"lerc": "^3.0.0",
				"pako": "^2.0.4",
				"parse-headers": "^2.0.2",
				"quick-lru": "^6.1.1",
				"web-worker": "^1.2.0",
				"xml-utils": "^1.0.2",
				"zstddec": "^0.1.0"
			},
			"engines": {
				"node": ">=10.19"
			}
		},
		"node_modules/geotiff/node_modules/quick-lru": {
			"version": "6.1.2",
			"resolved": "https://registry.npmjs.org/quick-lru/-/quick-lru-6.1.2.tgz",
			"integrity": "sha512-AAFUA5O1d83pIHEhJwWCq/RQcRukCkn/NSm2QsTEMle5f2hP0ChI2+3Xb051PZCkLryI/Ir1MVKviT2FIloaTQ==",
			"license": "MIT",
			"engines": {
				"node": ">=12"
			},
			"funding": {
				"url": "https://github.com/sponsors/sindresorhus"
			}
		},
		"node_modules/lerc": {
			"version": "3.0.0",
			"resolved": "https://registry.npmjs.org/lerc/-/lerc-3.0.0.tgz",
			"integrity": "sha512-Rm4J/WaHhRa93nCN2mwWDZFoRVF18G1f47C+kvQWyHGEZxFpTUi73p7lMVSAndyxGt6lJ2/CFbOcf9ra5p8aww==",
			"license": "Apache-2.0"
		},
		"node_modules/ol": {
			"version": "10.3.1",
			"resolved": "https://registry.npmjs.org/ol/-/ol-10.3.1.tgz",
			"integrity": "sha512-D1nRQVLOBCRempVqBFV8pSI5H13BtnhuLDjGl+3NKdMOFyjx/UqRX/tcMspEw3LhFOSPWn1Ev+1KIRV8AlHM7A==",
			"license": "BSD-2-Clause",
			"dependencies": {
				"@types/rbush": "4.0.0",
				"color-rgba": "^3.0.0",
				"color-space": "^2.0.1",
				"earcut": "^3.0.0",
				"geotiff": "^2.1.3",
				"pbf": "4.0.1",
				"rbush": "^4.0.0"
			},
			"funding": {
				"type": "opencollective",
				"url": "https://opencollective.com/openlayers"
			}
		},
		"node_modules/ol/node_modules/earcut": {
			"version": "3.0.1",
			"resolved": "https://registry.npmjs.org/earcut/-/earcut-3.0.1.tgz",
			"integrity": "sha512-0l1/0gOjESMeQyYaK5IDiPNvFeu93Z/cO0TjZh9eZ1vyCtZnA7KMZ8rQggpsJHIbGSdrqYq9OhuveadOVHCshw==",
			"license": "ISC"
		},
		"node_modules/ol/node_modules/pbf": {
			"version": "4.0.1",
			"resolved": "https://registry.npmjs.org/pbf/-/pbf-4.0.1.tgz",
			"integrity": "sha512-SuLdBvS42z33m8ejRbInMapQe8n0D3vN/Xd5fmWM3tufNgRQFBpaW2YVJxQZV4iPNqb0vEFvssMEo5w9c6BTIA==",
			"license": "BSD-3-Clause",
			"dependencies": {
				"resolve-protobuf-schema": "^2.1.0"
			},
			"bin": {
				"pbf": "bin/pbf"
			}
		},
		"node_modules/pako": {
			"version": "2.1.0",
			"resolved": "https://registry.npmjs.org/pako/-/pako-2.1.0.tgz",
			"integrity": "sha512-w+eufiZ1WuJYgPXbV/PO3NCMEc3xqylkKHzp8bxp1uW4qaSNQUkwmLLEc3kKsfz8lpV1F8Ht3U1Cm+9Srog2ug==",
			"license": "(MIT AND Zlib)"
		},
		"node_modules/parse-headers": {
			"version": "2.0.5",
			"resolved": "https://registry.npmjs.org/parse-headers/-/parse-headers-2.0.5.tgz",
			"integrity": "sha512-ft3iAoLOB/MlwbNXgzy43SWGP6sQki2jQvAyBg/zDFAgr9bfNWZIUj42Kw2eJIl8kEi4PbgE6U1Zau/HwI75HA==",
			"license": "MIT"
		},
		"node_modules/protocol-buffers-schema": {
			"version": "3.6.0",
			"resolved": "https://registry.npmjs.org/protocol-buffers-schema/-/protocol-buffers-schema-3.6.0.tgz",
			"integrity": "sha512-TdDRD+/QNdrCGCE7v8340QyuXd4kIWIgapsE2+n/SaGiSSbomYl4TjHlvIoCWRpE7wFt02EpB35VVA2ImcBVqw==",
			"license": "MIT"
		},
		"node_modules/rbush": {
			"version": "4.0.1",
			"resolved": "https://registry.npmjs.org/rbush/-/rbush-4.0.1.tgz",
			"integrity": "sha512-IP0UpfeWQujYC8Jg162rMNc01Rf0gWMMAb2Uxus/Q0qOFw4lCcq6ZnQEZwUoJqWyUGJ9th7JjwI4yIWo+uvoAQ==",
			"license": "MIT",
			"dependencies": {
				"quickselect": "^3.0.0"
			}
		},
		"node_modules/rbush/node_modules/quickselect": {
			"version": "3.0.0",
			"resolved": "https://registry.npmjs.org/quickselect/-/quickselect-3.0.0.tgz",
			"integrity": "sha512-XdjUArbK4Bm5fLLvlm5KpTFOiOThgfWWI4axAZDWg4E/0mKdZyI9tNEfds27qCi1ze/vwTR16kvmmGhRra3c2g==",
			"license": "ISC"
		},
		"node_modules/resolve-protobuf-schema": {
			"version": "2.1.0",
			"resolved": "https://registry.npmjs.org/resolve-protobuf-schema/-/resolve-protobuf-schema-2.1.0.tgz",
			"integrity": "sha512-kI5ffTiZWmJaS/huM8wZfEMer1eRd7oJQhDuxeCLe3t7N7mX3z94CN0xPxBQxFYQTSNz9T0i+v6inKqSdK8xrQ==",
			"license": "MIT",
			"dependencies": {
				"protocol-buffers-schema": "^3.3.1"
			}
		},
		"node_modules/web-worker": {
			"version": "1.3.0",
			"resolved": "https://registry.npmjs.org/web-worker/-/web-worker-1.3.0.tgz",
			"integrity": "sha512-BSR9wyRsy/KOValMgd5kMyr3JzpdeoR9KVId8u5GVlTTAtNChlsE4yTxeY7zMdNSyOmoKBv8NH2qeRY9Tg+IaA==",
			"license": "Apache-2.0"
		},
		"node_modules/xml-utils": {
			"version": "1.10.1",
			"resolved": "https://registry.npmjs.org/xml-utils/-/xml-utils-1.10.1.tgz",
			"integrity": "sha512-Dn6vJ1Z9v1tepSjvnCpwk5QqwIPcEFKdgnjqfYOABv1ngSofuAhtlugcUC3ehS1OHdgDWSG6C5mvj+Qm15udTQ==",
			"license": "CC0-1.0"
		},
		"node_modules/zstddec": {
			"version": "0.1.0",
			"resolved": "https://registry.npmjs.org/zstddec/-/zstddec-0.1.0.tgz",
			"integrity": "sha512-w2NTI8+3l3eeltKAdK8QpiLo/flRAr2p8AGeakfMZOXBxOg9HIu4LVDxBi81sYgVhFhdJjv1OrB5ssI8uFPoLg==",
			"license": "MIT AND BSD-3-Clause"
		}
	}
}
